
Microsoft Visual Studio Solution File, Format Version 12.00
# Visual Studio Version 16
VisualStudioVersion = 16.0.31729.503
MinimumVisualStudioVersion = 10.0.40219.1
Project("{8BC9CEB8-8B4A-11D0-8D11-00A0C91BC942}") = "Algorithms", "Algorithms.vcxproj", "{25DEA983-35FA-466C-9ED4-84AF1D4C8C1A}"
EndProject
Global
	GlobalSection(SolutionConfigurationPlatforms) = preSolution
		Debug|x64 = Debug|x64
		Debug|x86 = Debug|x86
		Release|x64 = Release|x64
		Release|x86 = Release|x86
	EndGlobalSection
	GlobalSection(ProjectConfigurationPlatforms) = postSolution
		{25DEA983-35FA-466C-9ED4-84AF1D4C8C1A}.Debug|x64.ActiveCfg = Debug|x64
		{25DEA983-35FA-466C-9ED4-84AF1D4C8C1A}.Debug|x64.Build.0 = Debug|x64
		{25DEA983-35FA-466C-9ED4-84AF1D4C8C1A}.Debug|x86.ActiveCfg = Debug|Win32
		{25DEA983-35FA-466C-9ED4-84AF1D4C8C1A}.Debug|x86.Build.0 = Debug|Win32
		{25DEA983-35FA-466C-9ED4-84AF1D4C8C1A}.Release|x64.ActiveCfg = Release|x64
		{25DEA983-35FA-466C-9ED4-84AF1D4C8C1A}.Release|x64.Build.0 = Release|x64
		{25DEA983-35FA-466C-9ED4-84AF1D4C8C1A}.Release|x86.ActiveCfg = Release|Win32
		{25DEA983-35FA-466C-9ED4-84AF1D4C8C1A}.Release|x86.Build.0 = Release|Win32
	EndGlobalSection
	GlobalSection(SolutionProperties) = preSolution
		HideSolutionNode = FALSE
	EndGlobalSection
	GlobalSection(ExtensibilityGlobals) = postSolution
		SolutionGuid = {FD06AB1D-232F-4ED1-A531-A7499387216A}
	EndGlobalSection
EndGlobal
